<?xml version="1.0" encoding="utf-8"?>
<Project ToolsVersion="4.0" xmlns="http://schemas.microsoft.com/developer/msbuild/2003">
  <ItemGroup>
    <Filter Include="Source Files">
      <UniqueIdentifier>{4FC737F1-C7A5-4376-A066-2A32D752A2FF}</UniqueIdentifier>
      <Extensions>cpp;c;cc;cxx;def;odl;idl;hpj;bat;asm;asmx</Extensions>
    </Filter>
    <Filter Include="Header Files">
      <UniqueIdentifier>{93995380-89BD-4b04-88EB-625FBE52EBFB}</UniqueIdentifier>
      <Extensions>h;hh;hpp;hxx;hm;inl;inc;ipp;xsd</Extensions>
    </Filter>
    <Filter Include="Resource Files">
      <UniqueIdentifier>{67DA6AB6-F800-4c08-8B7A-83BB121AAD01}</UniqueIdentifier>
      <Extensions>rc;ico;cur;bmp;dlg;rc2;rct;bin;rgs;gif;jpg;jpeg;jpe;resx;tiff;tif;png;wav;mfcribbon-ms</Extensions>
    </Filter>
    <Filter Include="Source Files\elib">
      <UniqueIdentifier>{7243acc1-8613-4c80-acc6-3859452ca9c9}</UniqueIdentifier>
    </Filter>
    <Filter Include="Source Files\hal">
      <UniqueIdentifier>{0b1af207-0ce6-439f-95d4-0721e468d7bb}</UniqueIdentifier>
    </Filter>
    <Filter Include="Source Files\win32">
      <UniqueIdentifier>{8e6867ac-1040-4b8a-b04e-61c0cf596298}</UniqueIdentifier>
    </Filter>
    <Filter Include="Source Files\common">
      <UniqueIdentifier>{4e58fb5e-bedb-433c-af81-e2f62872e94e}</UniqueIdentifier>
    </Filter>
  </ItemGroup>
  <ItemGroup>
    <ClCompile Include="..\..\src\cardlister\cardlister.cpp">
      <Filter>Source Files</Filter>
    </ClCompile>
    <ClCompile Include="..\..\elib\elib\atexit.cpp">
      <Filter>Source Files\elib</Filter>
    </ClCompile>
    <ClCompile Include="..\..\elib\elib\configfile.cpp">
      <Filter>Source Files\elib</Filter>
    </ClCompile>
    <ClCompile Include="..\..\elib\elib\eassert.cpp">
      <Filter>Source Files\elib</Filter>
    </ClCompile>
    <ClCompile Include="..\..\elib\elib\m_argv.cpp">
      <Filter>Source Files\elib</Filter>
    </ClCompile>
    <ClCompile Include="..\..\elib\elib\misc.cpp">
      <Filter>Source Files\elib</Filter>
    </ClCompile>
    <ClCompile Include="..\..\elib\elib\parser.cpp">
      <Filter>Source Files\elib</Filter>
    </ClCompile>
    <ClCompile Include="..\..\elib\elib\qstring.cpp">
      <Filter>Source Files\elib</Filter>
    </ClCompile>
    <ClCompile Include="..\..\elib\elib\zone.cpp">
      <Filter>Source Files\elib</Filter>
    </ClCompile>
    <ClCompile Include="..\..\elib\hal\hal_init.cpp">
      <Filter>Source Files\hal</Filter>
    </ClCompile>
    <ClCompile Include="..\..\elib\hal\hal_input.cpp">
      <Filter>Source Files\hal</Filter>
    </ClCompile>
    <ClCompile Include="..\..\elib\hal\hal_ml.cpp">
      <Filter>Source Files\hal</Filter>
    </ClCompile>
    <ClCompile Include="..\..\elib\hal\hal_opendir.cpp">
      <Filter>Source Files\hal</Filter>
    </ClCompile>
    <ClCompile Include="..\..\elib\hal\hal_platform.cpp">
      <Filter>Source Files\hal</Filter>
    </ClCompile>
    <ClCompile Include="..\..\elib\hal\hal_sfx.cpp">
      <Filter>Source Files\hal</Filter>
    </ClCompile>
    <ClCompile Include="..\..\elib\hal\hal_timer.cpp">
      <Filter>Source Files\hal</Filter>
    </ClCompile>
    <ClCompile Include="..\..\elib\hal\hal_video.cpp">
      <Filter>Source Files\hal</Filter>
    </ClCompile>
    <ClCompile Include="..\..\elib\win32\win32_main.cpp">
      <Filter>Source Files\win32</Filter>
    </ClCompile>
    <ClCompile Include="..\..\elib\win32\win32_opendir.cpp">
      <Filter>Source Files\win32</Filter>
    </ClCompile>
    <ClCompile Include="..\..\elib\win32\win32_platform.cpp">
      <Filter>Source Files\win32</Filter>
    </ClCompile>
    <ClCompile Include="..\..\elib\win32\win32_util.cpp">
      <Filter>Source Files\win32</Filter>
    </ClCompile>
    <ClCompile Include="..\..\src\common\cardnames.cpp">
      <Filter>Source Files\common</Filter>
    </ClCompile>
    <ClCompile Include="..\..\src\common\numcards.cpp">
      <Filter>Source Files\common</Filter>
    </ClCompile>
    <ClCompile Include="..\..\src\common\carddata.cpp">
      <Filter>Source Files\common</Filter>
    </ClCompile>
    <ClCompile Include="..\..\src\common\cardtypes.cpp">
      <Filter>Source Files\common</Filter>
    </ClCompile>
    <ClCompile Include="..\..\src\common\romfile.cpp">
      <Filter>Source Files\common</Filter>
    </ClCompile>
    <ClCompile Include="..\..\src\common\cardids.cpp">
      <Filter>Source Files\common</Filter>
    </ClCompile>
    <ClCompile Include="..\..\src\common\boosters.cpp">
      <Filter>Source Files\common</Filter>
    </ClCompile>
  </ItemGroup>
  <ItemGroup>
    <ClInclude Include="..\..\src\cardlister\econfig.h">
      <Filter>Source Files</Filter>
    </ClInclude>
    <ClInclude Include="..\..\elib\elib\atexit.h">
      <Filter>Source Files\elib</Filter>
    </ClInclude>
    <ClInclude Include="..\..\elib\elib\bdlist.h">
      <Filter>Source Files\elib</Filter>
    </ClInclude>
    <ClInclude Include="..\..\elib\elib\binary.h">
      <Filter>Source Files\elib</Filter>
    </ClInclude>
    <ClInclude Include="..\..\elib\elib\compare.h">
      <Filter>Source Files\elib</Filter>
    </ClInclude>
    <ClInclude Include="..\..\elib\elib\configfile.h">
      <Filter>Source Files\elib</Filter>
    </ClInclude>
    <ClInclude Include="..\..\elib\elib\dllist.h">
      <Filter>Source Files\elib</Filter>
    </ClInclude>
    <ClInclude Include="..\..\elib\elib\eassert.h">
      <Filter>Source Files\elib</Filter>
    </ClInclude>
    <ClInclude Include="..\..\elib\elib\ecnew.h">
      <Filter>Source Files\elib</Filter>
    </ClInclude>
    <ClInclude Include="..\..\elib\elib\elib.h">
      <Filter>Source Files\elib</Filter>
    </ClInclude>
    <ClInclude Include="..\..\elib\elib\esmartptr.h">
      <Filter>Source Files\elib</Filter>
    </ClInclude>
    <ClInclude Include="..\..\elib\elib\m_argv.h">
      <Filter>Source Files\elib</Filter>
    </ClInclude>
    <ClInclude Include="..\..\elib\elib\m_ctype.h">
      <Filter>Source Files\elib</Filter>
    </ClInclude>
    <ClInclude Include="..\..\elib\elib\misc.h">
      <Filter>Source Files\elib</Filter>
    </ClInclude>
    <ClInclude Include="..\..\elib\elib\parser.h">
      <Filter>Source Files\elib</Filter>
    </ClInclude>
    <ClInclude Include="..\..\elib\elib\qstring.h">
      <Filter>Source Files\elib</Filter>
    </ClInclude>
    <ClInclude Include="..\..\elib\elib\swap.h">
      <Filter>Source Files\elib</Filter>
    </ClInclude>
    <ClInclude Include="..\..\elib\elib\zone.h">
      <Filter>Source Files\elib</Filter>
    </ClInclude>
    <ClInclude Include="..\..\elib\hal\hal_init.h">
      <Filter>Source Files\hal</Filter>
    </ClInclude>
    <ClInclude Include="..\..\elib\hal\hal_input.h">
      <Filter>Source Files\hal</Filter>
    </ClInclude>
    <ClInclude Include="..\..\elib\hal\hal_ml.h">
      <Filter>Source Files\hal</Filter>
    </ClInclude>
    <ClInclude Include="..\..\elib\hal\hal_opendir.h">
      <Filter>Source Files\hal</Filter>
    </ClInclude>
    <ClInclude Include="..\..\elib\hal\hal_platform.h">
      <Filter>Source Files\hal</Filter>
    </ClInclude>
    <ClInclude Include="..\..\elib\hal\hal_sfx.h">
      <Filter>Source Files\hal</Filter>
    </ClInclude>
    <ClInclude Include="..\..\elib\hal\hal_timer.h">
      <Filter>Source Files\hal</Filter>
    </ClInclude>
    <ClInclude Include="..\..\elib\hal\hal_types.h">
      <Filter>Source Files\hal</Filter>
    </ClInclude>
    <ClInclude Include="..\..\elib\hal\hal_video.h">
      <Filter>Source Files\hal</Filter>
    </ClInclude>
    <ClInclude Include="..\..\elib\win32\win32_opendir.h">
      <Filter>Source Files\win32</Filter>
    </ClInclude>
    <ClInclude Include="..\..\elib\win32\win32_platform.h">
      <Filter>Source Files\win32</Filter>
    </ClInclude>
    <ClInclude Include="..\..\elib\win32\win32_util.h">
      <Filter>Source Files\win32</Filter>
    </ClInclude>
    <ClInclude Include="..\..\src\common\romoffsets.h">
      <Filter>Source Files\common</Filter>
    </ClInclude>
    <ClInclude Include="..\..\src\common\instructions.h">
      <Filter>Source Files\common</Filter>
    </ClInclude>
    <ClInclude Include="..\..\src\common\cardnames.h">
      <Filter>Source Files\common</Filter>
    </ClInclude>
    <ClInclude Include="..\..\src\common\numcards.h">
      <Filter>Source Files\common</Filter>
    </ClInclude>
    <ClInclude Include="..\..\src\common\cardtypes.h">
      <Filter>Source Files\common</Filter>
    </ClInclude>
    <ClInclude Include="..\..\src\common\carddata.h">
      <Filter>Source Files\common</Filter>
    </ClInclude>
    <ClInclude Include="..\..\src\common\romfile.h">
      <Filter>Source Files\common</Filter>
    </ClInclude>
    <ClInclude Include="..\..\src\common\cardids.h">
      <Filter>Source Files\common</Filter>
    </ClInclude>
    <ClInclude Include="..\..\src\common\boosters.h">
      <Filter>Source Files\common</Filter>
    </ClInclude>
  </ItemGroup>
</Project>