
Microsoft Visual Studio Solution File, Format Version 12.00
# Visual Studio 15
VisualStudioVersion = 15.0.28307.1585
MinimumVisualStudioVersion = 10.0.40219.1
Project("{8BC9CEB8-8B4A-11D0-8D11-00A0C91BC942}") = "cardlister", "cardlister\cardlister.vcxproj", "{98268075-0BD4-41CC-8CCF-E722E814AEBC}"
	ProjectSection(ProjectDependencies) = postProject
		{B001BACB-FF1E-4793-8F68-8FC5E34FFE36} = {B001BACB-FF1E-4793-8F68-8FC5E34FFE36}
	EndProjectSection
EndProject
Project("{8BC9CEB8-8B4A-11D0-8D11-00A0C91BC942}") = "jsoncpp", "jsoncpp\jsoncpp.vcxproj", "{B001BACB-FF1E-4793-8F68-8FC5E34FFE36}"
EndProject
Project("{8BC9CEB8-8B4A-11D0-8D11-00A0C91BC942}") = "cardgfxtool", "cardgfxtool\cardgfxtool.vcxproj", "{2B92B2F2-F097-40F6-AD27-A335F4FA1E81}"
	ProjectSection(ProjectDependencies) = postProject
		{DDEE237F-34D3-4AA9-87A1-457BAE389FB4} = {DDEE237F-34D3-4AA9-87A1-457BAE389FB4}
		{E8E4BB9B-239A-4875-A5F4-0992231A26EF} = {E8E4BB9B-239A-4875-A5F4-0992231A26EF}
	EndProjectSection
EndProject
Project("{8BC9CEB8-8B4A-11D0-8D11-00A0C91BC942}") = "zlib", "zlib\zlib.vcxproj", "{E8E4BB9B-239A-4875-A5F4-0992231A26EF}"
EndProject
Project("{8BC9CEB8-8B4A-11D0-8D11-00A0C91BC942}") = "libpng", "libpng\libpng.vcxproj", "{DDEE237F-34D3-4AA9-87A1-457BAE389FB4}"
EndProject
Project("{8BC9CEB8-8B4A-11D0-8D11-00A0C91BC942}") = "ywctpatcher", "ywctpatcher\ywctpatcher.vcxproj", "{3990AFB1-C3AB-4301-AD31-550CA74296FB}"
	ProjectSection(ProjectDependencies) = postProject
		{B001BACB-FF1E-4793-8F68-8FC5E34FFE36} = {B001BACB-FF1E-4793-8F68-8FC5E34FFE36}
	EndProjectSection
EndProject
Global
	GlobalSection(SolutionConfigurationPlatforms) = preSolution
		Debug|x64 = Debug|x64
		Debug|x86 = Debug|x86
		Release|x64 = Release|x64
		Release|x86 = Release|x86
	EndGlobalSection
	GlobalSection(ProjectConfigurationPlatforms) = postSolution
		{98268075-0BD4-41CC-8CCF-E722E814AEBC}.Debug|x64.ActiveCfg = Debug|x64
		{98268075-0BD4-41CC-8CCF-E722E814AEBC}.Debug|x64.Build.0 = Debug|x64
		{98268075-0BD4-41CC-8CCF-E722E814AEBC}.Debug|x86.ActiveCfg = Debug|Win32
		{98268075-0BD4-41CC-8CCF-E722E814AEBC}.Debug|x86.Build.0 = Debug|Win32
		{98268075-0BD4-41CC-8CCF-E722E814AEBC}.Release|x64.ActiveCfg = Release|x64
		{98268075-0BD4-41CC-8CCF-E722E814AEBC}.Release|x64.Build.0 = Release|x64
		{98268075-0BD4-41CC-8CCF-E722E814AEBC}.Release|x86.ActiveCfg = Release|Win32
		{98268075-0BD4-41CC-8CCF-E722E814AEBC}.Release|x86.Build.0 = Release|Win32
		{B001BACB-FF1E-4793-8F68-8FC5E34FFE36}.Debug|x64.ActiveCfg = Debug|x64
		{B001BACB-FF1E-4793-8F68-8FC5E34FFE36}.Debug|x64.Build.0 = Debug|x64
		{B001BACB-FF1E-4793-8F68-8FC5E34FFE36}.Debug|x86.ActiveCfg = Debug|Win32
		{B001BACB-FF1E-4793-8F68-8FC5E34FFE36}.Debug|x86.Build.0 = Debug|Win32
		{B001BACB-FF1E-4793-8F68-8FC5E34FFE36}.Release|x64.ActiveCfg = Release|x64
		{B001BACB-FF1E-4793-8F68-8FC5E34FFE36}.Release|x64.Build.0 = Release|x64
		{B001BACB-FF1E-4793-8F68-8FC5E34FFE36}.Release|x86.ActiveCfg = Release|Win32
		{B001BACB-FF1E-4793-8F68-8FC5E34FFE36}.Release|x86.Build.0 = Release|Win32
		{2B92B2F2-F097-40F6-AD27-A335F4FA1E81}.Debug|x64.ActiveCfg = Debug|x64
		{2B92B2F2-F097-40F6-AD27-A335F4FA1E81}.Debug|x64.Build.0 = Debug|x64
		{2B92B2F2-F097-40F6-AD27-A335F4FA1E81}.Debug|x86.ActiveCfg = Debug|Win32
		{2B92B2F2-F097-40F6-AD27-A335F4FA1E81}.Debug|x86.Build.0 = Debug|Win32
		{2B92B2F2-F097-40F6-AD27-A335F4FA1E81}.Release|x64.ActiveCfg = Release|x64
		{2B92B2F2-F097-40F6-AD27-A335F4FA1E81}.Release|x64.Build.0 = Release|x64
		{2B92B2F2-F097-40F6-AD27-A335F4FA1E81}.Release|x86.ActiveCfg = Release|Win32
		{2B92B2F2-F097-40F6-AD27-A335F4FA1E81}.Release|x86.Build.0 = Release|Win32
		{E8E4BB9B-239A-4875-A5F4-0992231A26EF}.Debug|x64.ActiveCfg = Debug|x64
		{E8E4BB9B-239A-4875-A5F4-0992231A26EF}.Debug|x64.Build.0 = Debug|x64
		{E8E4BB9B-239A-4875-A5F4-0992231A26EF}.Debug|x86.ActiveCfg = Debug|Win32
		{E8E4BB9B-239A-4875-A5F4-0992231A26EF}.Debug|x86.Build.0 = Debug|Win32
		{E8E4BB9B-239A-4875-A5F4-0992231A26EF}.Release|x64.ActiveCfg = Release|x64
		{E8E4BB9B-239A-4875-A5F4-0992231A26EF}.Release|x64.Build.0 = Release|x64
		{E8E4BB9B-239A-4875-A5F4-0992231A26EF}.Release|x86.ActiveCfg = Release|Win32
		{E8E4BB9B-239A-4875-A5F4-0992231A26EF}.Release|x86.Build.0 = Release|Win32
		{DDEE237F-34D3-4AA9-87A1-457BAE389FB4}.Debug|x64.ActiveCfg = Debug|x64
		{DDEE237F-34D3-4AA9-87A1-457BAE389FB4}.Debug|x64.Build.0 = Debug|x64
		{DDEE237F-34D3-4AA9-87A1-457BAE389FB4}.Debug|x86.ActiveCfg = Debug|Win32
		{DDEE237F-34D3-4AA9-87A1-457BAE389FB4}.Debug|x86.Build.0 = Debug|Win32
		{DDEE237F-34D3-4AA9-87A1-457BAE389FB4}.Release|x64.ActiveCfg = Release|x64
		{DDEE237F-34D3-4AA9-87A1-457BAE389FB4}.Release|x64.Build.0 = Release|x64
		{DDEE237F-34D3-4AA9-87A1-457BAE389FB4}.Release|x86.ActiveCfg = Release|Win32
		{DDEE237F-34D3-4AA9-87A1-457BAE389FB4}.Release|x86.Build.0 = Release|Win32
		{3990AFB1-C3AB-4301-AD31-550CA74296FB}.Debug|x64.ActiveCfg = Debug|x64
		{3990AFB1-C3AB-4301-AD31-550CA74296FB}.Debug|x64.Build.0 = Debug|x64
		{3990AFB1-C3AB-4301-AD31-550CA74296FB}.Debug|x86.ActiveCfg = Debug|Win32
		{3990AFB1-C3AB-4301-AD31-550CA74296FB}.Debug|x86.Build.0 = Debug|Win32
		{3990AFB1-C3AB-4301-AD31-550CA74296FB}.Release|x64.ActiveCfg = Release|x64
		{3990AFB1-C3AB-4301-AD31-550CA74296FB}.Release|x64.Build.0 = Release|x64
		{3990AFB1-C3AB-4301-AD31-550CA74296FB}.Release|x86.ActiveCfg = Release|Win32
		{3990AFB1-C3AB-4301-AD31-550CA74296FB}.Release|x86.Build.0 = Release|Win32
	EndGlobalSection
	GlobalSection(SolutionProperties) = preSolution
		HideSolutionNode = FALSE
	EndGlobalSection
	GlobalSection(ExtensibilityGlobals) = postSolution
		SolutionGuid = {F9F3BB52-3770-4ACB-BFCB-68D94F294D43}
	EndGlobalSection
EndGlobal
